// !$*UTF8*$!
{
	archiveVersion = 1;
	classes = {
	};
	objectVersion = 46;
	objects = {

/* Begin PBXBuildFile section */
		78DFB87A17D8C0FB006779B3 /* Cocoa.framework in Frameworks */ = {isa = PBXBuildFile; fileRef = 78DFB87917D8C0FB006779B3 /* Cocoa.framework */; };
		78DFB87C17D8C0FB006779B3 /* MacRuby.framework in Frameworks */ = {isa = PBXBuildFile; fileRef = 78DFB87B17D8C0FB006779B3 /* MacRuby.framework */; };
		78DFB88517D8C0FB006779B3 /* InfoPlist.strings in Resources */ = {isa = PBXBuildFile; fileRef = 78DFB88317D8C0FB006779B3 /* InfoPlist.strings */; };
		78DFB88717D8C0FB006779B3 /* main.m in Sources */ = {isa = PBXBuildFile; fileRef = 78DFB88617D8C0FB006779B3 /* main.m */; };
		78DFB88C17D8C0FC006779B3 /* MainMenu.xib in Resources */ = {isa = PBXBuildFile; fileRef = 78DFB88A17D8C0FC006779B3 /* MainMenu.xib */; };
		78DFB88F17D8C0FC006779B3 /* rb_main.rb in Resources */ = {isa = PBXBuildFile; fileRef = 78DFB88E17D8C0FC006779B3 /* rb_main.rb */; };
		78DFB89117D8C0FC006779B3 /* AppDelegate.rb in Resources */ = {isa = PBXBuildFile; fileRef = 78DFB89017D8C0FC006779B3 /* AppDelegate.rb */; };
		78DFB89417D8C0FC006779B3 /* FinancialAnalize.xcdatamodeld in Sources */ = {isa = PBXBuildFile; fileRef = 78DFB89217D8C0FC006779B3 /* FinancialAnalize.xcdatamodeld */; };
/* End PBXBuildFile section */

/* Begin PBXContainerItemProxy section */
		78DFB87E17D8C0FB006779B3 /* PBXContainerItemProxy */ = {
			isa = PBXContainerItemProxy;
			containerPortal = 78DFB86E17D8C0FB006779B3 /* Project object */;
			proxyType = 1;
			remoteGlobalIDString = 78DFB87517D8C0FB006779B3;
			remoteInfo = FinancialAnalize;
		};
/* End PBXContainerItemProxy section */

/* Begin PBXFileReference section */
		78DFB87617D8C0FB006779B3 /* FinancialAnalize.app */ = {isa = PBXFileReference; explicitFileType = wrapper.application; includeInIndex = 0; path = FinancialAnalize.app; sourceTree = BUILT_PRODUCTS_DIR; };
		78DFB87917D8C0FB006779B3 /* Cocoa.framework */ = {isa = PBXFileReference; lastKnownFileType = wrapper.framework; name = Cocoa.framework; path = System/Library/Frameworks/Cocoa.framework; sourceTree = SDKROOT; };
		78DFB87B17D8C0FB006779B3 /* MacRuby.framework */ = {isa = PBXFileReference; lastKnownFileType = wrapper.framework; name = MacRuby.framework; path = Library/Frameworks/MacRuby.framework; sourceTree = DEVELOPER_DIR; };
		78DFB88217D8C0FB006779B3 /* FinancialAnalize-Info.plist */ = {isa = PBXFileReference; lastKnownFileType = text.plist.xml; path = "FinancialAnalize-Info.plist"; sourceTree = "<group>"; };
		78DFB88417D8C0FB006779B3 /* en */ = {isa = PBXFileReference; lastKnownFileType = text.plist.strings; name = en; path = en.lproj/InfoPlist.strings; sourceTree = "<group>"; };
		78DFB88617D8C0FB006779B3 /* main.m */ = {isa = PBXFileReference; lastKnownFileType = sourcecode.c.objc; path = main.m; sourceTree = "<group>"; };
		78DFB88817D8C0FC006779B3 /* FinancialAnalize-Prefix.pch */ = {isa = PBXFileReference; lastKnownFileType = sourcecode.c.h; path = "FinancialAnalize-Prefix.pch"; sourceTree = "<group>"; };
		78DFB88B17D8C0FC006779B3 /* en */ = {isa = PBXFileReference; lastKnownFileType = file.xib; name = en; path = en.lproj/MainMenu.xib; sourceTree = "<group>"; };
		78DFB88E17D8C0FC006779B3 /* rb_main.rb */ = {isa = PBXFileReference; lastKnownFileType = text.script.ruby; path = rb_main.rb; sourceTree = "<group>"; };
		78DFB89017D8C0FC006779B3 /* AppDelegate.rb */ = {isa = PBXFileReference; lastKnownFileType = text.script.ruby; path = AppDelegate.rb; sourceTree = "<group>"; };
		78DFB89317D8C0FC006779B3 /* FinancialAnalize.xcdatamodel */ = {isa = PBXFileReference; lastKnownFileType = wrapper.xcdatamodel; path = FinancialAnalize.xcdatamodel; sourceTree = "<group>"; };
/* End PBXFileReference section */

/* Begin PBXFrameworksBuildPhase section */
		78DFB87317D8C0FB006779B3 /* Frameworks */ = {
			isa = PBXFrameworksBuildPhase;
			buildActionMask = 2147483647;
			files = (
				78DFB87A17D8C0FB006779B3 /* Cocoa.framework in Frameworks */,
				78DFB87C17D8C0FB006779B3 /* MacRuby.framework in Frameworks */,
			);
			runOnlyForDeploymentPostprocessing = 0;
		};
/* End PBXFrameworksBuildPhase section */

/* Begin PBXGroup section */
		78DFB86D17D8C0FB006779B3 = {
			isa = PBXGroup;
			children = (
				78DFB88017D8C0FB006779B3 /* FinancialAnalize */,
				78DFB87817D8C0FB006779B3 /* Frameworks */,
				78DFB87717D8C0FB006779B3 /* Products */,
			);
			sourceTree = "<group>";
		};
		78DFB87717D8C0FB006779B3 /* Products */ = {
			isa = PBXGroup;
			children = (
				78DFB87617D8C0FB006779B3 /* FinancialAnalize.app */,
			);
			name = Products;
			sourceTree = "<group>";
		};
		78DFB87817D8C0FB006779B3 /* Frameworks */ = {
			isa = PBXGroup;
			children = (
				78DFB87917D8C0FB006779B3 /* Cocoa.framework */,
				78DFB87B17D8C0FB006779B3 /* MacRuby.framework */,
			);
			name = Frameworks;
			sourceTree = "<group>";
		};
		78DFB88017D8C0FB006779B3 /* FinancialAnalize */ = {
			isa = PBXGroup;
			children = (
				78DFB89017D8C0FC006779B3 /* AppDelegate.rb */,
				78DFB89217D8C0FC006779B3 /* FinancialAnalize.xcdatamodeld */,
				78DFB88917D8C0FC006779B3 /* Resources */,
				78DFB88D17D8C0FC006779B3 /* Other Sources */,
				78DFB88117D8C0FB006779B3 /* Supporting Files */,
			);
			path = FinancialAnalize;
			sourceTree = "<group>";
		};
		78DFB88117D8C0FB006779B3 /* Supporting Files */ = {
			isa = PBXGroup;
			children = (
				78DFB88217D8C0FB006779B3 /* FinancialAnalize-Info.plist */,
				78DFB88317D8C0FB006779B3 /* InfoPlist.strings */,
				78DFB88617D8C0FB006779B3 /* main.m */,
				78DFB88817D8C0FC006779B3 /* FinancialAnalize-Prefix.pch */,
			);
			name = "Supporting Files";
			sourceTree = "<group>";
		};
		78DFB88917D8C0FC006779B3 /* Resources */ = {
			isa = PBXGroup;
			children = (
				78DFB88A17D8C0FC006779B3 /* MainMenu.xib */,
			);
			name = Resources;
			sourceTree = "<group>";
		};
		78DFB88D17D8C0FC006779B3 /* Other Sources */ = {
			isa = PBXGroup;
			children = (
				78DFB88E17D8C0FC006779B3 /* rb_main.rb */,
			);
			name = "Other Sources";
			sourceTree = "<group>";
		};
/* End PBXGroup section */

/* Begin PBXLegacyTarget section */
		78DFB87D17D8C0FB006779B3 /* Deployment */ = {
			isa = PBXLegacyTarget;
			buildArgumentsString = "--compile --embed";
			buildConfigurationList = 78DFB89A17D8C0FC006779B3 /* Build configuration list for PBXLegacyTarget "Deployment" */;
			buildPhases = (
			);
			buildToolPath = /usr/local/bin/macruby_deploy;
			dependencies = (
				78DFB87F17D8C0FB006779B3 /* PBXTargetDependency */,
			);
			name = Deployment;
			passBuildSettingsInEnvironment = 1;
			productName = Deployment;
		};
/* End PBXLegacyTarget section */

/* Begin PBXNativeTarget section */
		78DFB87517D8C0FB006779B3 /* FinancialAnalize */ = {
			isa = PBXNativeTarget;
			buildConfigurationList = 78DFB89717D8C0FC006779B3 /* Build configuration list for PBXNativeTarget "FinancialAnalize" */;
			buildPhases = (
				78DFB87217D8C0FB006779B3 /* Sources */,
				78DFB87317D8C0FB006779B3 /* Frameworks */,
				78DFB87417D8C0FB006779B3 /* Resources */,
			);
			buildRules = (
			);
			dependencies = (
			);
			name = FinancialAnalize;
			productName = FinancialAnalize;
			productReference = 78DFB87617D8C0FB006779B3 /* FinancialAnalize.app */;
			productType = "com.apple.product-type.application";
		};
/* End PBXNativeTarget section */

/* Begin PBXProject section */
		78DFB86E17D8C0FB006779B3 /* Project object */ = {
			isa = PBXProject;
			attributes = {
				LastUpgradeCheck = 0460;
				ORGANIZATIONNAME = "清水 裕紀";
			};
			buildConfigurationList = 78DFB87117D8C0FB006779B3 /* Build configuration list for PBXProject "FinancialAnalize" */;
			compatibilityVersion = "Xcode 3.2";
			developmentRegion = English;
			hasScannedForEncodings = 0;
			knownRegions = (
				en,
			);
			mainGroup = 78DFB86D17D8C0FB006779B3;
			productRefGroup = 78DFB87717D8C0FB006779B3 /* Products */;
			projectDirPath = "";
			projectRoot = "";
			targets = (
				78DFB87517D8C0FB006779B3 /* FinancialAnalize */,
				78DFB87D17D8C0FB006779B3 /* Deployment */,
			);
		};
/* End PBXProject section */

/* Begin PBXResourcesBuildPhase section */
		78DFB87417D8C0FB006779B3 /* Resources */ = {
			isa = PBXResourcesBuildPhase;
			buildActionMask = 2147483647;
			files = (
				78DFB88517D8C0FB006779B3 /* InfoPlist.strings in Resources */,
				78DFB88C17D8C0FC006779B3 /* MainMenu.xib in Resources */,
				78DFB88F17D8C0FC006779B3 /* rb_main.rb in Resources */,
				78DFB89117D8C0FC006779B3 /* AppDelegate.rb in Resources */,
			);
			runOnlyForDeploymentPostprocessing = 0;
		};
/* End PBXResourcesBuildPhase section */

/* Begin PBXSourcesBuildPhase section */
		78DFB87217D8C0FB006779B3 /* Sources */ = {
			isa = PBXSourcesBuildPhase;
			buildActionMask = 2147483647;
			files = (
				78DFB88717D8C0FB006779B3 /* main.m in Sources */,
				78DFB89417D8C0FC006779B3 /* FinancialAnalize.xcdatamodeld in Sources */,
			);
			runOnlyForDeploymentPostprocessing = 0;
		};
/* End PBXSourcesBuildPhase section */

/* Begin PBXTargetDependency section */
		78DFB87F17D8C0FB006779B3 /* PBXTargetDependency */ = {
			isa = PBXTargetDependency;
			target = 78DFB87517D8C0FB006779B3 /* FinancialAnalize */;
			targetProxy = 78DFB87E17D8C0FB006779B3 /* PBXContainerItemProxy */;
		};
/* End PBXTargetDependency section */

/* Begin PBXVariantGroup section */
		78DFB88317D8C0FB006779B3 /* InfoPlist.strings */ = {
			isa = PBXVariantGroup;
			children = (
				78DFB88417D8C0FB006779B3 /* en */,
			);
			name = InfoPlist.strings;
			sourceTree = "<group>";
		};
		78DFB88A17D8C0FC006779B3 /* MainMenu.xib */ = {
			isa = PBXVariantGroup;
			children = (
				78DFB88B17D8C0FC006779B3 /* en */,
			);
			name = MainMenu.xib;
			sourceTree = "<group>";
		};
/* End PBXVariantGroup section */

/* Begin XCBuildConfiguration section */
		78DFB89517D8C0FC006779B3 /* Debug */ = {
			isa = XCBuildConfiguration;
			buildSettings = {
				ALWAYS_SEARCH_USER_PATHS = NO;
				ARCHS = "$(ARCHS_STANDARD_64_BIT)";
				CLANG_CXX_LANGUAGE_STANDARD = "gnu++0x";
				CLANG_CXX_LIBRARY = "libc++";
				CLANG_WARN_CONSTANT_CONVERSION = YES;
				CLANG_WARN_EMPTY_BODY = YES;
				CLANG_WARN_ENUM_CONVERSION = YES;
				CLANG_WARN_INT_CONVERSION = YES;
				CLANG_WARN__DUPLICATE_METHOD_MATCH = YES;
				COPY_PHASE_STRIP = NO;
				GCC_C_LANGUAGE_STANDARD = gnu99;
				GCC_DYNAMIC_NO_PIC = NO;
				GCC_ENABLE_OBJC_EXCEPTIONS = YES;
				GCC_OPTIMIZATION_LEVEL = 0;
				GCC_PREPROCESSOR_DEFINITIONS = (
					"DEBUG=1",
					"$(inherited)",
				);
				GCC_SYMBOLS_PRIVATE_EXTERN = NO;
				GCC_WARN_64_TO_32_BIT_CONVERSION = YES;
				GCC_WARN_ABOUT_RETURN_TYPE = YES;
				GCC_WARN_UNINITIALIZED_AUTOS = YES;
				GCC_WARN_UNUSED_VARIABLE = YES;
				MACOSX_DEPLOYMENT_TARGET = 10.8;
				ONLY_ACTIVE_ARCH = YES;
				SDKROOT = macosx;
			};
			name = Debug;
		};
		78DFB89617D8C0FC006779B3 /* Release */ = {
			isa = XCBuildConfiguration;
			buildSettings = {
				ALWAYS_SEARCH_USER_PATHS = NO;
				ARCHS = "$(ARCHS_STANDARD_64_BIT)";
				CLANG_CXX_LANGUAGE_STANDARD = "gnu++0x";
				CLANG_CXX_LIBRARY = "libc++";
				CLANG_WARN_CONSTANT_CONVERSION = YES;
				CLANG_WARN_EMPTY_BODY = YES;
				CLANG_WARN_ENUM_CONVERSION = YES;
				CLANG_WARN_INT_CONVERSION = YES;
				CLANG_WARN__DUPLICATE_METHOD_MATCH = YES;
				COPY_PHASE_STRIP = YES;
				DEBUG_INFORMATION_FORMAT = "dwarf-with-dsym";
				GCC_C_LANGUAGE_STANDARD = gnu99;
				GCC_ENABLE_OBJC_EXCEPTIONS = YES;
				GCC_WARN_64_TO_32_BIT_CONVERSION = YES;
				GCC_WARN_ABOUT_RETURN_TYPE = YES;
				GCC_WARN_UNINITIALIZED_AUTOS = YES;
				GCC_WARN_UNUSED_VARIABLE = YES;
				MACOSX_DEPLOYMENT_TARGET = 10.8;
				SDKROOT = macosx;
			};
			name = Release;
		};
		78DFB89817D8C0FC006779B3 /* Debug */ = {
			isa = XCBuildConfiguration;
			buildSettings = {
				ARCHS = x86_64;
				FRAMEWORK_SEARCH_PATHS = (
					"$(inherited)",
					"\"$(SYSTEM_APPS_DIR)/Xcode.app/Contents/Developer/Library/Frameworks\"",
				);
				GCC_ENABLE_OBJC_GC = required;
				GCC_PRECOMPILE_PREFIX_HEADER = YES;
				GCC_PREFIX_HEADER = "FinancialAnalize/FinancialAnalize-Prefix.pch";
				INFOPLIST_FILE = "FinancialAnalize/FinancialAnalize-Info.plist";
				PRODUCT_NAME = "$(TARGET_NAME)";
				WRAPPER_EXTENSION = app;
			};
			name = Debug;
		};
		78DFB89917D8C0FC006779B3 /* Release */ = {
			isa = XCBuildConfiguration;
			buildSettings = {
				ARCHS = x86_64;
				FRAMEWORK_SEARCH_PATHS = (
					"$(inherited)",
					"\"$(SYSTEM_APPS_DIR)/Xcode.app/Contents/Developer/Library/Frameworks\"",
				);
				GCC_ENABLE_OBJC_GC = required;
				GCC_PRECOMPILE_PREFIX_HEADER = YES;
				GCC_PREFIX_HEADER = "FinancialAnalize/FinancialAnalize-Prefix.pch";
				INFOPLIST_FILE = "FinancialAnalize/FinancialAnalize-Info.plist";
				PRODUCT_NAME = "$(TARGET_NAME)";
				WRAPPER_EXTENSION = app;
			};
			name = Release;
		};
		78DFB89B17D8C0FC006779B3 /* Debug */ = {
			isa = XCBuildConfiguration;
			buildSettings = {
			};
			name = Debug;
		};
		78DFB89C17D8C0FC006779B3 /* Release */ = {
			isa = XCBuildConfiguration;
			buildSettings = {
			};
			name = Release;
		};
/* End XCBuildConfiguration section */

/* Begin XCConfigurationList section */
		78DFB87117D8C0FB006779B3 /* Build configuration list for PBXProject "FinancialAnalize" */ = {
			isa = XCConfigurationList;
			buildConfigurations = (
				78DFB89517D8C0FC006779B3 /* Debug */,
				78DFB89617D8C0FC006779B3 /* Release */,
			);
			defaultConfigurationIsVisible = 0;
			defaultConfigurationName = Release;
		};
		78DFB89717D8C0FC006779B3 /* Build configuration list for PBXNativeTarget "FinancialAnalize" */ = {
			isa = XCConfigurationList;
			buildConfigurations = (
				78DFB89817D8C0FC006779B3 /* Debug */,
				78DFB89917D8C0FC006779B3 /* Release */,
			);
			defaultConfigurationIsVisible = 0;
		};
		78DFB89A17D8C0FC006779B3 /* Build configuration list for PBXLegacyTarget "Deployment" */ = {
			isa = XCConfigurationList;
			buildConfigurations = (
				78DFB89B17D8C0FC006779B3 /* Debug */,
				78DFB89C17D8C0FC006779B3 /* Release */,
			);
			defaultConfigurationIsVisible = 0;
		};
/* End XCConfigurationList section */

/* Begin XCVersionGroup section */
		78DFB89217D8C0FC006779B3 /* FinancialAnalize.xcdatamodeld */ = {
			isa = XCVersionGroup;
			children = (
				78DFB89317D8C0FC006779B3 /* FinancialAnalize.xcdatamodel */,
			);
			currentVersion = 78DFB89317D8C0FC006779B3 /* FinancialAnalize.xcdatamodel */;
			path = FinancialAnalize.xcdatamodeld;
			sourceTree = "<group>";
			versionGroupType = wrapper.xcdatamodel;
		};
/* End XCVersionGroup section */
	};
	rootObject = 78DFB86E17D8C0FB006779B3 /* Project object */;
}
